
Microsoft Visual Studio Solution File, Format Version 12.00
# Visual Studio Version 17
VisualStudioVersion = 17.13.35828.75
MinimumVisualStudioVersion = 10.0.40219.1
Project("{FAE04EC0-301F-11D3-BF4B-00C04F79EFBC}") = "Web.API", "Web.API\Web.API.csproj", "{862193A5-5AA3-4760-AC4E-1219DF52F7DA}"
EndProject
Project("{E53339B2-1760-4266-BCC7-CA923CBCF16C}") = "docker-compose", "docker-compose.dcproj", "{81DDED9D-158B-E303-5F62-77A2896D2A5A}"
EndProject
Project("{FAE04EC0-301F-11D3-BF4B-00C04F79EFBC}") = "Domain", "Domain\Domain.csproj", "{3AE299FF-395D-4E0B-9092-DBFD0641C3A0}"
EndProject
Project("{FAE04EC0-301F-11D3-BF4B-00C04F79EFBC}") = "Application", "Application\Application.csproj", "{0F2064EB-3673-437E-B13C-EDF6D9377108}"
EndProject
Project("{FAE04EC0-301F-11D3-BF4B-00C04F79EFBC}") = "Infrastructure", "Infrastructure\Infrastructure.csproj", "{842118B8-2493-4FC6-A454-A418A3F79EB5}"
EndProject
Project("{FAE04EC0-301F-11D3-BF4B-00C04F79EFBC}") = "Tests", "Tests\Tests.csproj", "{8BF9F342-2579-4E21-A68F-0F37A8C6DE8B}"
EndProject
Global
	GlobalSection(SolutionConfigurationPlatforms) = preSolution
		Debug|Any CPU = Debug|Any CPU
		Release|Any CPU = Release|Any CPU
	EndGlobalSection
	GlobalSection(ProjectConfigurationPlatforms) = postSolution
		{862193A5-5AA3-4760-AC4E-1219DF52F7DA}.Debug|Any CPU.ActiveCfg = Debug|Any CPU
		{862193A5-5AA3-4760-AC4E-1219DF52F7DA}.Debug|Any CPU.Build.0 = Debug|Any CPU
		{862193A5-5AA3-4760-AC4E-1219DF52F7DA}.Release|Any CPU.ActiveCfg = Release|Any CPU
		{862193A5-5AA3-4760-AC4E-1219DF52F7DA}.Release|Any CPU.Build.0 = Release|Any CPU
		{81DDED9D-158B-E303-5F62-77A2896D2A5A}.Debug|Any CPU.ActiveCfg = Debug|Any CPU
		{81DDED9D-158B-E303-5F62-77A2896D2A5A}.Debug|Any CPU.Build.0 = Debug|Any CPU
		{81DDED9D-158B-E303-5F62-77A2896D2A5A}.Release|Any CPU.ActiveCfg = Release|Any CPU
		{81DDED9D-158B-E303-5F62-77A2896D2A5A}.Release|Any CPU.Build.0 = Release|Any CPU
		{3AE299FF-395D-4E0B-9092-DBFD0641C3A0}.Debug|Any CPU.ActiveCfg = Debug|Any CPU
		{3AE299FF-395D-4E0B-9092-DBFD0641C3A0}.Debug|Any CPU.Build.0 = Debug|Any CPU
		{3AE299FF-395D-4E0B-9092-DBFD0641C3A0}.Release|Any CPU.ActiveCfg = Release|Any CPU
		{3AE299FF-395D-4E0B-9092-DBFD0641C3A0}.Release|Any CPU.Build.0 = Release|Any CPU
		{0F2064EB-3673-437E-B13C-EDF6D9377108}.Debug|Any CPU.ActiveCfg = Debug|Any CPU
		{0F2064EB-3673-437E-B13C-EDF6D9377108}.Debug|Any CPU.Build.0 = Debug|Any CPU
		{0F2064EB-3673-437E-B13C-EDF6D9377108}.Release|Any CPU.ActiveCfg = Release|Any CPU
		{0F2064EB-3673-437E-B13C-EDF6D9377108}.Release|Any CPU.Build.0 = Release|Any CPU
		{842118B8-2493-4FC6-A454-A418A3F79EB5}.Debug|Any CPU.ActiveCfg = Debug|Any CPU
		{842118B8-2493-4FC6-A454-A418A3F79EB5}.Debug|Any CPU.Build.0 = Debug|Any CPU
		{842118B8-2493-4FC6-A454-A418A3F79EB5}.Release|Any CPU.ActiveCfg = Release|Any CPU
		{842118B8-2493-4FC6-A454-A418A3F79EB5}.Release|Any CPU.Build.0 = Release|Any CPU
		{8BF9F342-2579-4E21-A68F-0F37A8C6DE8B}.Debug|Any CPU.ActiveCfg = Debug|Any CPU
		{8BF9F342-2579-4E21-A68F-0F37A8C6DE8B}.Debug|Any CPU.Build.0 = Debug|Any CPU
		{8BF9F342-2579-4E21-A68F-0F37A8C6DE8B}.Release|Any CPU.ActiveCfg = Release|Any CPU
		{8BF9F342-2579-4E21-A68F-0F37A8C6DE8B}.Release|Any CPU.Build.0 = Release|Any CPU
	EndGlobalSection
	GlobalSection(SolutionProperties) = preSolution
		HideSolutionNode = FALSE
	EndGlobalSection
	GlobalSection(ExtensibilityGlobals) = postSolution
		SolutionGuid = {8E914E3E-FB34-45D3-8FF9-BA9FCF72976A}
	EndGlobalSection
EndGlobal
